// !$*UTF8*$!
{
	archiveVersion = 1;
	classes = {
	};
	objectVersion = 50;
	objects = {

/* Begin PBXBuildFile section */
		2B0B1F1822B7C7F90088514F /* ImageFramingVC.swift in Sources */ = {isa = PBXBuildFile; fileRef = 2B0B1F1722B7C7F90088514F /* ImageFramingVC.swift */; };
		2B0C6D9E228FDEEA00CA40BD /* AppDelegate.swift in Sources */ = {isa = PBXBuildFile; fileRef = 2B0C6D9D228FDEEA00CA40BD /* AppDelegate.swift */; };
		2B0C6DA5228FDEEA00CA40BD /* Assets.xcassets in Resources */ = {isa = PBXBuildFile; fileRef = 2B0C6DA4228FDEEA00CA40BD /* Assets.xcassets */; };
		2B0C6DA8228FDEEA00CA40BD /* LaunchScreen.storyboard in Resources */ = {isa = PBXBuildFile; fileRef = 2B0C6DA6228FDEEA00CA40BD /* LaunchScreen.storyboard */; };
		2B0C6DB3228FDEEA00CA40BD /* denTests.swift in Sources */ = {isa = PBXBuildFile; fileRef = 2B0C6DB2228FDEEA00CA40BD /* denTests.swift */; };
		2B0C6DBE228FDEEA00CA40BD /* denUITests.swift in Sources */ = {isa = PBXBuildFile; fileRef = 2B0C6DBD228FDEEA00CA40BD /* denUITests.swift */; };
		2B3317A622CD140D007D58A1 /* RestartTransitionAnimator.swift in Sources */ = {isa = PBXBuildFile; fileRef = 2B3317A522CD140D007D58A1 /* RestartTransitionAnimator.swift */; };
		2B3317A822CD171D007D58A1 /* RestartTransitionNone.swift in Sources */ = {isa = PBXBuildFile; fileRef = 2B3317A722CD171D007D58A1 /* RestartTransitionNone.swift */; };
		2B3317AA22CD2644007D58A1 /* RestartPresentationViewController.swift in Sources */ = {isa = PBXBuildFile; fileRef = 2B3317A922CD2644007D58A1 /* RestartPresentationViewController.swift */; };
		2B3317AC22CD29A6007D58A1 /* RestartTransitionScale.swift in Sources */ = {isa = PBXBuildFile; fileRef = 2B3317AB22CD29A6007D58A1 /* RestartTransitionScale.swift */; };
		2B3317AF22CD433C007D58A1 /* TestTransitionDelegate.swift in Sources */ = {isa = PBXBuildFile; fileRef = 2B3317AE22CD433C007D58A1 /* TestTransitionDelegate.swift */; };
		2B3317B122CD43B1007D58A1 /* TestTransitionViewController.swift in Sources */ = {isa = PBXBuildFile; fileRef = 2B3317B022CD43B1007D58A1 /* TestTransitionViewController.swift */; };
		2B3317B322CD44D2007D58A1 /* TestTransitionSegue.swift in Sources */ = {isa = PBXBuildFile; fileRef = 2B3317B222CD44D2007D58A1 /* TestTransitionSegue.swift */; };
		2B33707222A44CEE009A0BA5 /* ?=.swift in Sources */ = {isa = PBXBuildFile; fileRef = 2B33707122A44CEE009A0BA5 /* ?=.swift */; };
		2B51296322A372CE007E824E /* repeat_extensions.swift in Sources */ = {isa = PBXBuildFile; fileRef = 2B51296122A372CE007E824E /* repeat_extensions.swift */; };
		2B51296622A37ABE007E824E /* ++--.swift in Sources */ = {isa = PBXBuildFile; fileRef = 2B51296522A37ABD007E824E /* ++--.swift */; };
		2B51296B22A37CE1007E824E /* CardsViewController.swift in Sources */ = {isa = PBXBuildFile; fileRef = 2B51296A22A37CE1007E824E /* CardsViewController.swift */; };
		2B51296D22A37D07007E824E /* CardsLayout.swift in Sources */ = {isa = PBXBuildFile; fileRef = 2B51296C22A37D07007E824E /* CardsLayout.swift */; };
		2B56899722B29FD900EF2E31 /* ImageFramingView.swift in Sources */ = {isa = PBXBuildFile; fileRef = 2B56899622B29FD900EF2E31 /* ImageFramingView.swift */; };
		2B56899922B2A14D00EF2E31 /* ImageFramingOptions.swift in Sources */ = {isa = PBXBuildFile; fileRef = 2B56899822B2A14D00EF2E31 /* ImageFramingOptions.swift */; };
		2B56899B22B2A91800EF2E31 /* Bitmap.swift in Sources */ = {isa = PBXBuildFile; fileRef = 2B56899A22B2A91800EF2E31 /* Bitmap.swift */; };
		2B56899D22B2A93400EF2E31 /* ImageBitmap.swift in Sources */ = {isa = PBXBuildFile; fileRef = 2B56899C22B2A93400EF2E31 /* ImageBitmap.swift */; };
		2B56899F22B2A95200EF2E31 /* Pixel.swift in Sources */ = {isa = PBXBuildFile; fileRef = 2B56899E22B2A95200EF2E31 /* Pixel.swift */; };
		2B81543F22AAC1EC006063B4 /* CGFloat_coercion.swift in Sources */ = {isa = PBXBuildFile; fileRef = 2B81543E22AAC1EC006063B4 /* CGFloat_coercion.swift */; };
		2B847E4022CE72BC00004851 /* RestartTransitionDelegate.swift in Sources */ = {isa = PBXBuildFile; fileRef = 2B847E3F22CE72BC00004851 /* RestartTransitionDelegate.swift */; };
		2B8802172294771B00EBC3F4 /* Main.storyboard in Resources */ = {isa = PBXBuildFile; fileRef = 2B8802162294771B00EBC3F4 /* Main.storyboard */; };
		2B88021A229477E000EBC3F4 /* SpinVC.swift in Sources */ = {isa = PBXBuildFile; fileRef = 2B880219229477E000EBC3F4 /* SpinVC.swift */; };
		2BAF20E622959FB800CFC04E /* CATransformLayer+Rotation.swift in Sources */ = {isa = PBXBuildFile; fileRef = 2BAF20E522959FB800CFC04E /* CATransformLayer+Rotation.swift */; };
		2BAF20E82295A88D00CFC04E /* CALayer+fit.swift in Sources */ = {isa = PBXBuildFile; fileRef = 2BAF20E72295A88D00CFC04E /* CALayer+fit.swift */; };
		2BAF20F02295E21A00CFC04E /* ViewFromNib.swift in Sources */ = {isa = PBXBuildFile; fileRef = 2BAF20EF2295E21A00CFC04E /* ViewFromNib.swift */; };
		2BAF20F22295E22C00CFC04E /* ViewFromNib.xib in Resources */ = {isa = PBXBuildFile; fileRef = 2BAF20F12295E22C00CFC04E /* ViewFromNib.xib */; };
		2BAF20F42295E66900CFC04E /* ViewFromNibViewController.swift in Sources */ = {isa = PBXBuildFile; fileRef = 2BAF20F32295E66900CFC04E /* ViewFromNibViewController.swift */; };
		2BBB825122CCEE52008B7985 /* UIPresentationController+restart.swift in Sources */ = {isa = PBXBuildFile; fileRef = 2BBB825022CCEE52008B7985 /* UIPresentationController+restart.swift */; };
		2BBB825322CCEE95008B7985 /* RestartTransitionAnimation.swift in Sources */ = {isa = PBXBuildFile; fileRef = 2BBB825222CCEE95008B7985 /* RestartTransitionAnimation.swift */; };
		2BBB825722CD0301008B7985 /* ?!.swift in Sources */ = {isa = PBXBuildFile; fileRef = 2BBB825622CD0301008B7985 /* ?!.swift */; };
		2BD271CF22AE8DDE000291A3 /* SafariTestVC.swift in Sources */ = {isa = PBXBuildFile; fileRef = 2BD271CE22AE8DDE000291A3 /* SafariTestVC.swift */; };
		2BDB225222A8150200ACD21D /* CardsCell.swift in Sources */ = {isa = PBXBuildFile; fileRef = 2BDB225122A8150200ACD21D /* CardsCell.swift */; };
/* End PBXBuildFile section */

/* Begin PBXContainerItemProxy section */
		2B0C6DAF228FDEEA00CA40BD /* PBXContainerItemProxy */ = {
			isa = PBXContainerItemProxy;
			containerPortal = 2B0C6D92228FDEEA00CA40BD /* Project object */;
			proxyType = 1;
			remoteGlobalIDString = 2B0C6D99228FDEEA00CA40BD;
			remoteInfo = den;
		};
		2B0C6DBA228FDEEA00CA40BD /* PBXContainerItemProxy */ = {
			isa = PBXContainerItemProxy;
			containerPortal = 2B0C6D92228FDEEA00CA40BD /* Project object */;
			proxyType = 1;
			remoteGlobalIDString = 2B0C6D99228FDEEA00CA40BD;
			remoteInfo = den;
		};
/* End PBXContainerItemProxy section */

/* Begin PBXFileReference section */
		2B0B1F1722B7C7F90088514F /* ImageFramingVC.swift */ = {isa = PBXFileReference; lastKnownFileType = sourcecode.swift; path = ImageFramingVC.swift; sourceTree = "<group>"; };
		2B0C6D9A228FDEEA00CA40BD /* den.app */ = {isa = PBXFileReference; explicitFileType = wrapper.application; includeInIndex = 0; path = den.app; sourceTree = BUILT_PRODUCTS_DIR; };
		2B0C6D9D228FDEEA00CA40BD /* AppDelegate.swift */ = {isa = PBXFileReference; lastKnownFileType = sourcecode.swift; path = AppDelegate.swift; sourceTree = "<group>"; };
		2B0C6DA4228FDEEA00CA40BD /* Assets.xcassets */ = {isa = PBXFileReference; lastKnownFileType = folder.assetcatalog; path = Assets.xcassets; sourceTree = "<group>"; };
		2B0C6DA7228FDEEA00CA40BD /* Base */ = {isa = PBXFileReference; lastKnownFileType = file.storyboard; name = Base; path = Base.lproj/LaunchScreen.storyboard; sourceTree = "<group>"; };
		2B0C6DA9228FDEEA00CA40BD /* Info.plist */ = {isa = PBXFileReference; lastKnownFileType = text.plist.xml; path = Info.plist; sourceTree = "<group>"; };
		2B0C6DAE228FDEEA00CA40BD /* denTests.xctest */ = {isa = PBXFileReference; explicitFileType = wrapper.cfbundle; includeInIndex = 0; path = denTests.xctest; sourceTree = BUILT_PRODUCTS_DIR; };
		2B0C6DB2228FDEEA00CA40BD /* denTests.swift */ = {isa = PBXFileReference; lastKnownFileType = sourcecode.swift; path = denTests.swift; sourceTree = "<group>"; };
		2B0C6DB4228FDEEA00CA40BD /* Info.plist */ = {isa = PBXFileReference; lastKnownFileType = text.plist.xml; path = Info.plist; sourceTree = "<group>"; };
		2B0C6DB9228FDEEA00CA40BD /* denUITests.xctest */ = {isa = PBXFileReference; explicitFileType = wrapper.cfbundle; includeInIndex = 0; path = denUITests.xctest; sourceTree = BUILT_PRODUCTS_DIR; };
		2B0C6DBD228FDEEA00CA40BD /* denUITests.swift */ = {isa = PBXFileReference; lastKnownFileType = sourcecode.swift; path = denUITests.swift; sourceTree = "<group>"; };
		2B0C6DBF228FDEEA00CA40BD /* Info.plist */ = {isa = PBXFileReference; lastKnownFileType = text.plist.xml; path = Info.plist; sourceTree = "<group>"; };
		2B3317A522CD140D007D58A1 /* RestartTransitionAnimator.swift */ = {isa = PBXFileReference; lastKnownFileType = sourcecode.swift; path = RestartTransitionAnimator.swift; sourceTree = "<group>"; };
		2B3317A722CD171D007D58A1 /* RestartTransitionNone.swift */ = {isa = PBXFileReference; lastKnownFileType = sourcecode.swift; path = RestartTransitionNone.swift; sourceTree = "<group>"; };
		2B3317A922CD2644007D58A1 /* RestartPresentationViewController.swift */ = {isa = PBXFileReference; lastKnownFileType = sourcecode.swift; path = RestartPresentationViewController.swift; sourceTree = "<group>"; };
		2B3317AB22CD29A6007D58A1 /* RestartTransitionScale.swift */ = {isa = PBXFileReference; lastKnownFileType = sourcecode.swift; path = RestartTransitionScale.swift; sourceTree = "<group>"; };
		2B3317AE22CD433C007D58A1 /* TestTransitionDelegate.swift */ = {isa = PBXFileReference; lastKnownFileType = sourcecode.swift; path = TestTransitionDelegate.swift; sourceTree = "<group>"; };
		2B3317B022CD43B1007D58A1 /* TestTransitionViewController.swift */ = {isa = PBXFileReference; lastKnownFileType = sourcecode.swift; path = TestTransitionViewController.swift; sourceTree = "<group>"; };
		2B3317B222CD44D2007D58A1 /* TestTransitionSegue.swift */ = {isa = PBXFileReference; lastKnownFileType = sourcecode.swift; path = TestTransitionSegue.swift; sourceTree = "<group>"; };
		2B33707122A44CEE009A0BA5 /* ?=.swift */ = {isa = PBXFileReference; lastKnownFileType = sourcecode.swift; path = "?=.swift"; sourceTree = "<group>"; };
		2B51296122A372CE007E824E /* repeat_extensions.swift */ = {isa = PBXFileReference; fileEncoding = 4; lastKnownFileType = sourcecode.swift; path = repeat_extensions.swift; sourceTree = "<group>"; };
		2B51296522A37ABD007E824E /* ++--.swift */ = {isa = PBXFileReference; fileEncoding = 4; lastKnownFileType = sourcecode.swift; path = "++--.swift"; sourceTree = "<group>"; };
		2B51296A22A37CE1007E824E /* CardsViewController.swift */ = {isa = PBXFileReference; lastKnownFileType = sourcecode.swift; path = CardsViewController.swift; sourceTree = "<group>"; };
		2B51296C22A37D07007E824E /* CardsLayout.swift */ = {isa = PBXFileReference; lastKnownFileType = sourcecode.swift; path = CardsLayout.swift; sourceTree = "<group>"; };
		2B56899622B29FD900EF2E31 /* ImageFramingView.swift */ = {isa = PBXFileReference; lastKnownFileType = sourcecode.swift; path = ImageFramingView.swift; sourceTree = "<group>"; };
		2B56899822B2A14D00EF2E31 /* ImageFramingOptions.swift */ = {isa = PBXFileReference; lastKnownFileType = sourcecode.swift; path = ImageFramingOptions.swift; sourceTree = "<group>"; };
		2B56899A22B2A91800EF2E31 /* Bitmap.swift */ = {isa = PBXFileReference; lastKnownFileType = sourcecode.swift; path = Bitmap.swift; sourceTree = "<group>"; };
		2B56899C22B2A93400EF2E31 /* ImageBitmap.swift */ = {isa = PBXFileReference; lastKnownFileType = sourcecode.swift; path = ImageBitmap.swift; sourceTree = "<group>"; };
		2B56899E22B2A95200EF2E31 /* Pixel.swift */ = {isa = PBXFileReference; lastKnownFileType = sourcecode.swift; path = Pixel.swift; sourceTree = "<group>"; };
		2B81543E22AAC1EC006063B4 /* CGFloat_coercion.swift */ = {isa = PBXFileReference; lastKnownFileType = sourcecode.swift; path = CGFloat_coercion.swift; sourceTree = "<group>"; };
		2B847E3F22CE72BC00004851 /* RestartTransitionDelegate.swift */ = {isa = PBXFileReference; lastKnownFileType = sourcecode.swift; path = RestartTransitionDelegate.swift; sourceTree = "<group>"; };
		2B8802162294771B00EBC3F4 /* Main.storyboard */ = {isa = PBXFileReference; lastKnownFileType = file.storyboard; path = Main.storyboard; sourceTree = "<group>"; };
		2B880219229477E000EBC3F4 /* SpinVC.swift */ = {isa = PBXFileReference; lastKnownFileType = sourcecode.swift; path = SpinVC.swift; sourceTree = "<group>"; };
		2BAF20E522959FB800CFC04E /* CATransformLayer+Rotation.swift */ = {isa = PBXFileReference; lastKnownFileType = sourcecode.swift; path = "CATransformLayer+Rotation.swift"; sourceTree = "<group>"; };
		2BAF20E72295A88D00CFC04E /* CALayer+fit.swift */ = {isa = PBXFileReference; lastKnownFileType = sourcecode.swift; path = "CALayer+fit.swift"; sourceTree = "<group>"; };
		2BAF20EF2295E21A00CFC04E /* ViewFromNib.swift */ = {isa = PBXFileReference; lastKnownFileType = sourcecode.swift; path = ViewFromNib.swift; sourceTree = "<group>"; };
		2BAF20F12295E22C00CFC04E /* ViewFromNib.xib */ = {isa = PBXFileReference; lastKnownFileType = file.xib; path = ViewFromNib.xib; sourceTree = "<group>"; };
		2BAF20F32295E66900CFC04E /* ViewFromNibViewController.swift */ = {isa = PBXFileReference; lastKnownFileType = sourcecode.swift; path = ViewFromNibViewController.swift; sourceTree = "<group>"; };
		2BBB825022CCEE52008B7985 /* UIPresentationController+restart.swift */ = {isa = PBXFileReference; lastKnownFileType = sourcecode.swift; path = "UIPresentationController+restart.swift"; sourceTree = "<group>"; };
		2BBB825222CCEE95008B7985 /* RestartTransitionAnimation.swift */ = {isa = PBXFileReference; lastKnownFileType = sourcecode.swift; path = RestartTransitionAnimation.swift; sourceTree = "<group>"; };
		2BBB825622CD0301008B7985 /* ?!.swift */ = {isa = PBXFileReference; lastKnownFileType = sourcecode.swift; path = "?!.swift"; sourceTree = "<group>"; };
		2BD271CE22AE8DDE000291A3 /* SafariTestVC.swift */ = {isa = PBXFileReference; lastKnownFileType = sourcecode.swift; path = SafariTestVC.swift; sourceTree = "<group>"; };
		2BDB225122A8150200ACD21D /* CardsCell.swift */ = {isa = PBXFileReference; lastKnownFileType = sourcecode.swift; path = CardsCell.swift; sourceTree = "<group>"; };
/* End PBXFileReference section */

/* Begin PBXFrameworksBuildPhase section */
		2B0C6D97228FDEEA00CA40BD /* Frameworks */ = {
			isa = PBXFrameworksBuildPhase;
			buildActionMask = 2147483647;
			files = (
			);
			runOnlyForDeploymentPostprocessing = 0;
		};
		2B0C6DAB228FDEEA00CA40BD /* Frameworks */ = {
			isa = PBXFrameworksBuildPhase;
			buildActionMask = 2147483647;
			files = (
			);
			runOnlyForDeploymentPostprocessing = 0;
		};
		2B0C6DB6228FDEEA00CA40BD /* Frameworks */ = {
			isa = PBXFrameworksBuildPhase;
			buildActionMask = 2147483647;
			files = (
			);
			runOnlyForDeploymentPostprocessing = 0;
		};
/* End PBXFrameworksBuildPhase section */

/* Begin PBXGroup section */
		2B0C6D91228FDEEA00CA40BD = {
			isa = PBXGroup;
			children = (
				2B0C6D9C228FDEEA00CA40BD /* den */,
				2B0C6DB1228FDEEA00CA40BD /* denTests */,
				2B0C6DBC228FDEEA00CA40BD /* denUITests */,
				2B0C6D9B228FDEEA00CA40BD /* Products */,
			);
			sourceTree = "<group>";
		};
		2B0C6D9B228FDEEA00CA40BD /* Products */ = {
			isa = PBXGroup;
			children = (
				2B0C6D9A228FDEEA00CA40BD /* den.app */,
				2B0C6DAE228FDEEA00CA40BD /* denTests.xctest */,
				2B0C6DB9228FDEEA00CA40BD /* denUITests.xctest */,
			);
			name = Products;
			sourceTree = "<group>";
		};
		2B0C6D9C228FDEEA00CA40BD /* den */ = {
			isa = PBXGroup;
			children = (
				2B3317AD22CD4328007D58A1 /* test_transition */,
				2BBB824F22CCED66008B7985 /* restart_presentation */,
				2B56899522B29FA300EF2E31 /* image_framing */,
				2BD271CD22AE8DA2000291A3 /* SFSafariViewController */,
				2B51296922A37CBE007E824E /* Cards */,
				2B51296422A37AA2007E824E /* operators */,
				2B51295F22A371D5007E824E /* repeat_utils */,
				2BAF20EE2295E1FA00CFC04E /* nib */,
				2BAF20E022959E9400CFC04E /* CA_utils */,
				2B880218229477C900EBC3F4 /* Spin */,
				2B0C6D9D228FDEEA00CA40BD /* AppDelegate.swift */,
				2B0C6DA4228FDEEA00CA40BD /* Assets.xcassets */,
				2B0C6DA6228FDEEA00CA40BD /* LaunchScreen.storyboard */,
				2B0C6DA9228FDEEA00CA40BD /* Info.plist */,
				2B8802162294771B00EBC3F4 /* Main.storyboard */,
			);
			path = den;
			sourceTree = "<group>";
		};
		2B0C6DB1228FDEEA00CA40BD /* denTests */ = {
			isa = PBXGroup;
			children = (
				2B0C6DB2228FDEEA00CA40BD /* denTests.swift */,
				2B0C6DB4228FDEEA00CA40BD /* Info.plist */,
			);
			path = denTests;
			sourceTree = "<group>";
		};
		2B0C6DBC228FDEEA00CA40BD /* denUITests */ = {
			isa = PBXGroup;
			children = (
				2B0C6DBD228FDEEA00CA40BD /* denUITests.swift */,
				2B0C6DBF228FDEEA00CA40BD /* Info.plist */,
			);
			path = denUITests;
			sourceTree = "<group>";
		};
		2B3317A422CD13FA007D58A1 /* animators */ = {
			isa = PBXGroup;
			children = (
				2B3317A522CD140D007D58A1 /* RestartTransitionAnimator.swift */,
				2B3317A722CD171D007D58A1 /* RestartTransitionNone.swift */,
				2B3317AB22CD29A6007D58A1 /* RestartTransitionScale.swift */,
			);
			path = animators;
			sourceTree = "<group>";
		};
		2B3317AD22CD4328007D58A1 /* test_transition */ = {
			isa = PBXGroup;
			children = (
				2B3317AE22CD433C007D58A1 /* TestTransitionDelegate.swift */,
				2B3317B022CD43B1007D58A1 /* TestTransitionViewController.swift */,
				2B3317B222CD44D2007D58A1 /* TestTransitionSegue.swift */,
			);
			path = test_transition;
			sourceTree = "<group>";
		};
		2B51295F22A371D5007E824E /* repeat_utils */ = {
			isa = PBXGroup;
			children = (
				2B51296122A372CE007E824E /* repeat_extensions.swift */,
			);
			path = repeat_utils;
			sourceTree = "<group>";
		};
		2B51296422A37AA2007E824E /* operators */ = {
			isa = PBXGroup;
			children = (
				2B51296522A37ABD007E824E /* ++--.swift */,
				2B33707122A44CEE009A0BA5 /* ?=.swift */,
				2B81543E22AAC1EC006063B4 /* CGFloat_coercion.swift */,
				2BBB825622CD0301008B7985 /* ?!.swift */,
			);
			path = operators;
			sourceTree = "<group>";
		};
		2B51296922A37CBE007E824E /* Cards */ = {
			isa = PBXGroup;
			children = (
				2B51296A22A37CE1007E824E /* CardsViewController.swift */,
				2B51296C22A37D07007E824E /* CardsLayout.swift */,
				2BDB225122A8150200ACD21D /* CardsCell.swift */,
			);
			path = Cards;
			sourceTree = "<group>";
		};
		2B56899522B29FA300EF2E31 /* image_framing */ = {
			isa = PBXGroup;
			children = (
				2B56899622B29FD900EF2E31 /* ImageFramingView.swift */,
				2B0B1F1722B7C7F90088514F /* ImageFramingVC.swift */,
				2B56899822B2A14D00EF2E31 /* ImageFramingOptions.swift */,
				2B56899A22B2A91800EF2E31 /* Bitmap.swift */,
				2B56899C22B2A93400EF2E31 /* ImageBitmap.swift */,
				2B56899E22B2A95200EF2E31 /* Pixel.swift */,
			);
			path = image_framing;
			sourceTree = "<group>";
		};
		2B880218229477C900EBC3F4 /* Spin */ = {
			isa = PBXGroup;
			children = (
				2B880219229477E000EBC3F4 /* SpinVC.swift */,
			);
			path = Spin;
			sourceTree = "<group>";
		};
		2BAF20E022959E9400CFC04E /* CA_utils */ = {
			isa = PBXGroup;
			children = (
				2BAF20E522959FB800CFC04E /* CATransformLayer+Rotation.swift */,
				2BAF20E72295A88D00CFC04E /* CALayer+fit.swift */,
			);
			path = CA_utils;
			sourceTree = "<group>";
		};
		2BAF20EE2295E1FA00CFC04E /* nib */ = {
			isa = PBXGroup;
			children = (
				2BAF20EF2295E21A00CFC04E /* ViewFromNib.swift */,
				2BAF20F12295E22C00CFC04E /* ViewFromNib.xib */,
				2BAF20F32295E66900CFC04E /* ViewFromNibViewController.swift */,
			);
			path = nib;
			sourceTree = "<group>";
		};
		2BBB824F22CCED66008B7985 /* restart_presentation */ = {
			isa = PBXGroup;
			children = (
				2BBB825022CCEE52008B7985 /* UIPresentationController+restart.swift */,
				2B847E3F22CE72BC00004851 /* RestartTransitionDelegate.swift */,
				2BBB825222CCEE95008B7985 /* RestartTransitionAnimation.swift */,
				2B3317A422CD13FA007D58A1 /* animators */,
				2B3317A922CD2644007D58A1 /* RestartPresentationViewController.swift */,
			);
			path = restart_presentation;
			sourceTree = "<group>";
		};
		2BD271CD22AE8DA2000291A3 /* SFSafariViewController */ = {
			isa = PBXGroup;
			children = (
				2BD271CE22AE8DDE000291A3 /* SafariTestVC.swift */,
			);
			path = SFSafariViewController;
			sourceTree = "<group>";
		};
/* End PBXGroup section */

/* Begin PBXNativeTarget section */
		2B0C6D99228FDEEA00CA40BD /* den */ = {
			isa = PBXNativeTarget;
			buildConfigurationList = 2B0C6DC2228FDEEA00CA40BD /* Build configuration list for PBXNativeTarget "den" */;
			buildPhases = (
				2B0C6D96228FDEEA00CA40BD /* Sources */,
				2B0C6D97228FDEEA00CA40BD /* Frameworks */,
				2B0C6D98228FDEEA00CA40BD /* Resources */,
			);
			buildRules = (
			);
			dependencies = (
			);
			name = den;
			productName = den;
			productReference = 2B0C6D9A228FDEEA00CA40BD /* den.app */;
			productType = "com.apple.product-type.application";
		};
		2B0C6DAD228FDEEA00CA40BD /* denTests */ = {
			isa = PBXNativeTarget;
			buildConfigurationList = 2B0C6DC5228FDEEA00CA40BD /* Build configuration list for PBXNativeTarget "denTests" */;
			buildPhases = (
				2B0C6DAA228FDEEA00CA40BD /* Sources */,
				2B0C6DAB228FDEEA00CA40BD /* Frameworks */,
				2B0C6DAC228FDEEA00CA40BD /* Resources */,
			);
			buildRules = (
			);
			dependencies = (
				2B0C6DB0228FDEEA00CA40BD /* PBXTargetDependency */,
			);
			name = denTests;
			productName = denTests;
			productReference = 2B0C6DAE228FDEEA00CA40BD /* denTests.xctest */;
			productType = "com.apple.product-type.bundle.unit-test";
		};
		2B0C6DB8228FDEEA00CA40BD /* denUITests */ = {
			isa = PBXNativeTarget;
			buildConfigurationList = 2B0C6DC8228FDEEA00CA40BD /* Build configuration list for PBXNativeTarget "denUITests" */;
			buildPhases = (
				2B0C6DB5228FDEEA00CA40BD /* Sources */,
				2B0C6DB6228FDEEA00CA40BD /* Frameworks */,
				2B0C6DB7228FDEEA00CA40BD /* Resources */,
			);
			buildRules = (
			);
			dependencies = (
				2B0C6DBB228FDEEA00CA40BD /* PBXTargetDependency */,
			);
			name = denUITests;
			productName = denUITests;
			productReference = 2B0C6DB9228FDEEA00CA40BD /* denUITests.xctest */;
			productType = "com.apple.product-type.bundle.ui-testing";
		};
/* End PBXNativeTarget section */

/* Begin PBXProject section */
		2B0C6D92228FDEEA00CA40BD /* Project object */ = {
			isa = PBXProject;
			attributes = {
				LastSwiftUpdateCheck = 1020;
				LastUpgradeCheck = 1020;
				ORGANIZATIONNAME = thatartplace;
				TargetAttributes = {
					2B0C6D99228FDEEA00CA40BD = {
						CreatedOnToolsVersion = 10.2.1;
					};
					2B0C6DAD228FDEEA00CA40BD = {
						CreatedOnToolsVersion = 10.2.1;
						TestTargetID = 2B0C6D99228FDEEA00CA40BD;
					};
					2B0C6DB8228FDEEA00CA40BD = {
						CreatedOnToolsVersion = 10.2.1;
						TestTargetID = 2B0C6D99228FDEEA00CA40BD;
					};
				};
			};
			buildConfigurationList = 2B0C6D95228FDEEA00CA40BD /* Build configuration list for PBXProject "den" */;
			compatibilityVersion = "Xcode 9.3";
			developmentRegion = en;
			hasScannedForEncodings = 0;
			knownRegions = (
				en,
				Base,
			);
			mainGroup = 2B0C6D91228FDEEA00CA40BD;
			productRefGroup = 2B0C6D9B228FDEEA00CA40BD /* Products */;
			projectDirPath = "";
			projectRoot = "";
			targets = (
				2B0C6D99228FDEEA00CA40BD /* den */,
				2B0C6DAD228FDEEA00CA40BD /* denTests */,
				2B0C6DB8228FDEEA00CA40BD /* denUITests */,
			);
		};
/* End PBXProject section */

/* Begin PBXResourcesBuildPhase section */
		2B0C6D98228FDEEA00CA40BD /* Resources */ = {
			isa = PBXResourcesBuildPhase;
			buildActionMask = 2147483647;
			files = (
				2BAF20F22295E22C00CFC04E /* ViewFromNib.xib in Resources */,
				2B8802172294771B00EBC3F4 /* Main.storyboard in Resources */,
				2B0C6DA8228FDEEA00CA40BD /* LaunchScreen.storyboard in Resources */,
				2B0C6DA5228FDEEA00CA40BD /* Assets.xcassets in Resources */,
			);
			runOnlyForDeploymentPostprocessing = 0;
		};
		2B0C6DAC228FDEEA00CA40BD /* Resources */ = {
			isa = PBXResourcesBuildPhase;
			buildActionMask = 2147483647;
			files = (
			);
			runOnlyForDeploymentPostprocessing = 0;
		};
		2B0C6DB7228FDEEA00CA40BD /* Resources */ = {
			isa = PBXResourcesBuildPhase;
			buildActionMask = 2147483647;
			files = (
			);
			runOnlyForDeploymentPostprocessing = 0;
		};
/* End PBXResourcesBuildPhase section */

/* Begin PBXSourcesBuildPhase section */
		2B0C6D96228FDEEA00CA40BD /* Sources */ = {
			isa = PBXSourcesBuildPhase;
			buildActionMask = 2147483647;
			files = (
				2BBB825322CCEE95008B7985 /* RestartTransitionAnimation.swift in Sources */,
				2BD271CF22AE8DDE000291A3 /* SafariTestVC.swift in Sources */,
				2B3317A622CD140D007D58A1 /* RestartTransitionAnimator.swift in Sources */,
				2BAF20F02295E21A00CFC04E /* ViewFromNib.swift in Sources */,
				2B3317AF22CD433C007D58A1 /* TestTransitionDelegate.swift in Sources */,
				2BAF20F42295E66900CFC04E /* ViewFromNibViewController.swift in Sources */,
				2B51296B22A37CE1007E824E /* CardsViewController.swift in Sources */,
				2BBB825122CCEE52008B7985 /* UIPresentationController+restart.swift in Sources */,
				2B51296322A372CE007E824E /* repeat_extensions.swift in Sources */,
				2B56899B22B2A91800EF2E31 /* Bitmap.swift in Sources */,
				2B88021A229477E000EBC3F4 /* SpinVC.swift in Sources */,
				2B0B1F1822B7C7F90088514F /* ImageFramingVC.swift in Sources */,
				2B847E4022CE72BC00004851 /* RestartTransitionDelegate.swift in Sources */,
				2BBB825722CD0301008B7985 /* ?!.swift in Sources */,
				2B3317AA22CD2644007D58A1 /* RestartPresentationViewController.swift in Sources */,
				2B0C6D9E228FDEEA00CA40BD /* AppDelegate.swift in Sources */,
				2B3317AC22CD29A6007D58A1 /* RestartTransitionScale.swift in Sources */,
				2B3317A822CD171D007D58A1 /* RestartTransitionNone.swift in Sources */,
				2B3317B122CD43B1007D58A1 /* TestTransitionViewController.swift in Sources */,
				2B33707222A44CEE009A0BA5 /* ?=.swift in Sources */,
				2BDB225222A8150200ACD21D /* CardsCell.swift in Sources */,
				2B56899F22B2A95200EF2E31 /* Pixel.swift in Sources */,
				2B81543F22AAC1EC006063B4 /* CGFloat_coercion.swift in Sources */,
				2B3317B322CD44D2007D58A1 /* TestTransitionSegue.swift in Sources */,
				2B51296622A37ABE007E824E /* ++--.swift in Sources */,
				2B56899722B29FD900EF2E31 /* ImageFramingView.swift in Sources */,
				2B51296D22A37D07007E824E /* CardsLayout.swift in Sources */,
				2BAF20E622959FB800CFC04E /* CATransformLayer+Rotation.swift in Sources */,
				2B56899922B2A14D00EF2E31 /* ImageFramingOptions.swift in Sources */,
				2B56899D22B2A93400EF2E31 /* ImageBitmap.swift in Sources */,
				2BAF20E82295A88D00CFC04E /* CALayer+fit.swift in Sources */,
			);
			runOnlyForDeploymentPostprocessing = 0;
		};
		2B0C6DAA228FDEEA00CA40BD /* Sources */ = {
			isa = PBXSourcesBuildPhase;
			buildActionMask = 2147483647;
			files = (
				2B0C6DB3228FDEEA00CA40BD /* denTests.swift in Sources */,
			);
			runOnlyForDeploymentPostprocessing = 0;
		};
		2B0C6DB5228FDEEA00CA40BD /* Sources */ = {
			isa = PBXSourcesBuildPhase;
			buildActionMask = 2147483647;
			files = (
				2B0C6DBE228FDEEA00CA40BD /* denUITests.swift in Sources */,
			);
			runOnlyForDeploymentPostprocessing = 0;
		};
/* End PBXSourcesBuildPhase section */

/* Begin PBXTargetDependency section */
		2B0C6DB0228FDEEA00CA40BD /* PBXTargetDependency */ = {
			isa = PBXTargetDependency;
			target = 2B0C6D99228FDEEA00CA40BD /* den */;
			targetProxy = 2B0C6DAF228FDEEA00CA40BD /* PBXContainerItemProxy */;
		};
		2B0C6DBB228FDEEA00CA40BD /* PBXTargetDependency */ = {
			isa = PBXTargetDependency;
			target = 2B0C6D99228FDEEA00CA40BD /* den */;
			targetProxy = 2B0C6DBA228FDEEA00CA40BD /* PBXContainerItemProxy */;
		};
/* End PBXTargetDependency section */

/* Begin PBXVariantGroup section */
		2B0C6DA6228FDEEA00CA40BD /* LaunchScreen.storyboard */ = {
			isa = PBXVariantGroup;
			children = (
				2B0C6DA7228FDEEA00CA40BD /* Base */,
			);
			name = LaunchScreen.storyboard;
			sourceTree = "<group>";
		};
/* End PBXVariantGroup section */

/* Begin XCBuildConfiguration section */
		2B0C6DC0228FDEEA00CA40BD /* Debug */ = {
			isa = XCBuildConfiguration;
			buildSettings = {
				ALWAYS_SEARCH_USER_PATHS = NO;
				CLANG_ANALYZER_NONNULL = YES;
				CLANG_ANALYZER_NUMBER_OBJECT_CONVERSION = YES_AGGRESSIVE;
				CLANG_CXX_LANGUAGE_STANDARD = "gnu++14";
				CLANG_CXX_LIBRARY = "libc++";
				CLANG_ENABLE_MODULES = YES;
				CLANG_ENABLE_OBJC_ARC = YES;
				CLANG_ENABLE_OBJC_WEAK = YES;
				CLANG_WARN_BLOCK_CAPTURE_AUTORELEASING = YES;
				CLANG_WARN_BOOL_CONVERSION = YES;
				CLANG_WARN_COMMA = YES;
				CLANG_WARN_CONSTANT_CONVERSION = YES;
				CLANG_WARN_DEPRECATED_OBJC_IMPLEMENTATIONS = YES;
				CLANG_WARN_DIRECT_OBJC_ISA_USAGE = YES_ERROR;
				CLANG_WARN_DOCUMENTATION_COMMENTS = YES;
				CLANG_WARN_EMPTY_BODY = YES;
				CLANG_WARN_ENUM_CONVERSION = YES;
				CLANG_WARN_INFINITE_RECURSION = YES;
				CLANG_WARN_INT_CONVERSION = YES;
				CLANG_WARN_NON_LITERAL_NULL_CONVERSION = YES;
				CLANG_WARN_OBJC_IMPLICIT_RETAIN_SELF = YES;
				CLANG_WARN_OBJC_LITERAL_CONVERSION = YES;
				CLANG_WARN_OBJC_ROOT_CLASS = YES_ERROR;
				CLANG_WARN_RANGE_LOOP_ANALYSIS = YES;
				CLANG_WARN_STRICT_PROTOTYPES = YES;
				CLANG_WARN_SUSPICIOUS_MOVE = YES;
				CLANG_WARN_UNGUARDED_AVAILABILITY = YES_AGGRESSIVE;
				CLANG_WARN_UNREACHABLE_CODE = YES;
				CLANG_WARN__DUPLICATE_METHOD_MATCH = YES;
				CODE_SIGN_IDENTITY = "iPhone Developer";
				COPY_PHASE_STRIP = NO;
				DEBUG_INFORMATION_FORMAT = dwarf;
				ENABLE_STRICT_OBJC_MSGSEND = YES;
				ENABLE_TESTABILITY = YES;
				GCC_C_LANGUAGE_STANDARD = gnu11;
				GCC_DYNAMIC_NO_PIC = NO;
				GCC_NO_COMMON_BLOCKS = YES;
				GCC_OPTIMIZATION_LEVEL = 0;
				GCC_PREPROCESSOR_DEFINITIONS = (
					"DEBUG=1",
					"$(inherited)",
				);
				GCC_WARN_64_TO_32_BIT_CONVERSION = YES;
				GCC_WARN_ABOUT_RETURN_TYPE = YES_ERROR;
				GCC_WARN_UNDECLARED_SELECTOR = YES;
				GCC_WARN_UNINITIALIZED_AUTOS = YES_AGGRESSIVE;
				GCC_WARN_UNUSED_FUNCTION = YES;
				GCC_WARN_UNUSED_VARIABLE = YES;
				IPHONEOS_DEPLOYMENT_TARGET = 12.2;
				MTL_ENABLE_DEBUG_INFO = INCLUDE_SOURCE;
				MTL_FAST_MATH = YES;
				ONLY_ACTIVE_ARCH = YES;
				SDKROOT = iphoneos;
				SWIFT_ACTIVE_COMPILATION_CONDITIONS = DEBUG;
				SWIFT_OPTIMIZATION_LEVEL = "-Onone";
			};
			name = Debug;
		};
		2B0C6DC1228FDEEA00CA40BD /* Release */ = {
			isa = XCBuildConfiguration;
			buildSettings = {
				ALWAYS_SEARCH_USER_PATHS = NO;
				CLANG_ANALYZER_NONNULL = YES;
				CLANG_ANALYZER_NUMBER_OBJECT_CONVERSION = YES_AGGRESSIVE;
				CLANG_CXX_LANGUAGE_STANDARD = "gnu++14";
				CLANG_CXX_LIBRARY = "libc++";
				CLANG_ENABLE_MODULES = YES;
				CLANG_ENABLE_OBJC_ARC = YES;
				CLANG_ENABLE_OBJC_WEAK = YES;
				CLANG_WARN_BLOCK_CAPTURE_AUTORELEASING = YES;
				CLANG_WARN_BOOL_CONVERSION = YES;
				CLANG_WARN_COMMA = YES;
				CLANG_WARN_CONSTANT_CONVERSION = YES;
				CLANG_WARN_DEPRECATED_OBJC_IMPLEMENTATIONS = YES;
				CLANG_WARN_DIRECT_OBJC_ISA_USAGE = YES_ERROR;
				CLANG_WARN_DOCUMENTATION_COMMENTS = YES;
				CLANG_WARN_EMPTY_BODY = YES;
				CLANG_WARN_ENUM_CONVERSION = YES;
				CLANG_WARN_INFINITE_RECURSION = YES;
				CLANG_WARN_INT_CONVERSION = YES;
				CLANG_WARN_NON_LITERAL_NULL_CONVERSION = YES;
				CLANG_WARN_OBJC_IMPLICIT_RETAIN_SELF = YES;
				CLANG_WARN_OBJC_LITERAL_CONVERSION = YES;
				CLANG_WARN_OBJC_ROOT_CLASS = YES_ERROR;
				CLANG_WARN_RANGE_LOOP_ANALYSIS = YES;
				CLANG_WARN_STRICT_PROTOTYPES = YES;
				CLANG_WARN_SUSPICIOUS_MOVE = YES;
				CLANG_WARN_UNGUARDED_AVAILABILITY = YES_AGGRESSIVE;
				CLANG_WARN_UNREACHABLE_CODE = YES;
				CLANG_WARN__DUPLICATE_METHOD_MATCH = YES;
				CODE_SIGN_IDENTITY = "iPhone Developer";
				COPY_PHASE_STRIP = NO;
				DEBUG_INFORMATION_FORMAT = "dwarf-with-dsym";
				ENABLE_NS_ASSERTIONS = NO;
				ENABLE_STRICT_OBJC_MSGSEND = YES;
				GCC_C_LANGUAGE_STANDARD = gnu11;
				GCC_NO_COMMON_BLOCKS = YES;
				GCC_WARN_64_TO_32_BIT_CONVERSION = YES;
				GCC_WARN_ABOUT_RETURN_TYPE = YES_ERROR;
				GCC_WARN_UNDECLARED_SELECTOR = YES;
				GCC_WARN_UNINITIALIZED_AUTOS = YES_AGGRESSIVE;
				GCC_WARN_UNUSED_FUNCTION = YES;
				GCC_WARN_UNUSED_VARIABLE = YES;
				IPHONEOS_DEPLOYMENT_TARGET = 12.2;
				MTL_ENABLE_DEBUG_INFO = NO;
				MTL_FAST_MATH = YES;
				SDKROOT = iphoneos;
				SWIFT_COMPILATION_MODE = wholemodule;
				SWIFT_OPTIMIZATION_LEVEL = "-O";
				VALIDATE_PRODUCT = YES;
			};
			name = Release;
		};
		2B0C6DC3228FDEEA00CA40BD /* Debug */ = {
			isa = XCBuildConfiguration;
			buildSettings = {
				ASSETCATALOG_COMPILER_APPICON_NAME = AppIcon;
				CODE_SIGN_STYLE = Automatic;
				INFOPLIST_FILE = den/Info.plist;
				LD_RUNPATH_SEARCH_PATHS = (
					"$(inherited)",
					"@executable_path/Frameworks",
				);
				PRODUCT_BUNDLE_IDENTIFIER = thatartplace.den;
				PRODUCT_NAME = "$(TARGET_NAME)";
				SWIFT_VERSION = 5.0;
				TARGETED_DEVICE_FAMILY = "1,2";
			};
			name = Debug;
		};
		2B0C6DC4228FDEEA00CA40BD /* Release */ = {
			isa = XCBuildConfiguration;
			buildSettings = {
				ASSETCATALOG_COMPILER_APPICON_NAME = AppIcon;
				CODE_SIGN_STYLE = Automatic;
				INFOPLIST_FILE = den/Info.plist;
				LD_RUNPATH_SEARCH_PATHS = (
					"$(inherited)",
					"@executable_path/Frameworks",
				);
				PRODUCT_BUNDLE_IDENTIFIER = thatartplace.den;
				PRODUCT_NAME = "$(TARGET_NAME)";
				SWIFT_VERSION = 5.0;
				TARGETED_DEVICE_FAMILY = "1,2";
			};
			name = Release;
		};
		2B0C6DC6228FDEEA00CA40BD /* Debug */ = {
			isa = XCBuildConfiguration;
			buildSettings = {
				ALWAYS_EMBED_SWIFT_STANDARD_LIBRARIES = YES;
				BUNDLE_LOADER = "$(TEST_HOST)";
				CODE_SIGN_STYLE = Automatic;
				INFOPLIST_FILE = denTests/Info.plist;
				LD_RUNPATH_SEARCH_PATHS = (
					"$(inherited)",
					"@executable_path/Frameworks",
					"@loader_path/Frameworks",
				);
				PRODUCT_BUNDLE_IDENTIFIER = thatartplace.denTests;
				PRODUCT_NAME = "$(TARGET_NAME)";
				SWIFT_VERSION = 5.0;
				TARGETED_DEVICE_FAMILY = "1,2";
				TEST_HOST = "$(BUILT_PRODUCTS_DIR)/den.app/den";
			};
			name = Debug;
		};
		2B0C6DC7228FDEEA00CA40BD /* Release */ = {
			isa = XCBuildConfiguration;
			buildSettings = {
				ALWAYS_EMBED_SWIFT_STANDARD_LIBRARIES = YES;
				BUNDLE_LOADER = "$(TEST_HOST)";
				CODE_SIGN_STYLE = Automatic;
				INFOPLIST_FILE = denTests/Info.plist;
				LD_RUNPATH_SEARCH_PATHS = (
					"$(inherited)",
					"@executable_path/Frameworks",
					"@loader_path/Frameworks",
				);
				PRODUCT_BUNDLE_IDENTIFIER = thatartplace.denTests;
				PRODUCT_NAME = "$(TARGET_NAME)";
				SWIFT_VERSION = 5.0;
				TARGETED_DEVICE_FAMILY = "1,2";
				TEST_HOST = "$(BUILT_PRODUCTS_DIR)/den.app/den";
			};
			name = Release;
		};
		2B0C6DC9228FDEEA00CA40BD /* Debug */ = {
			isa = XCBuildConfiguration;
			buildSettings = {
				ALWAYS_EMBED_SWIFT_STANDARD_LIBRARIES = YES;
				CODE_SIGN_STYLE = Automatic;
				INFOPLIST_FILE = denUITests/Info.plist;
				LD_RUNPATH_SEARCH_PATHS = (
					"$(inherited)",
					"@executable_path/Frameworks",
					"@loader_path/Frameworks",
				);
				PRODUCT_BUNDLE_IDENTIFIER = thatartplace.denUITests;
				PRODUCT_NAME = "$(TARGET_NAME)";
				SWIFT_VERSION = 5.0;
				TARGETED_DEVICE_FAMILY = "1,2";
				TEST_TARGET_NAME = den;
			};
			name = Debug;
		};
		2B0C6DCA228FDEEA00CA40BD /* Release */ = {
			isa = XCBuildConfiguration;
			buildSettings = {
				ALWAYS_EMBED_SWIFT_STANDARD_LIBRARIES = YES;
				CODE_SIGN_STYLE = Automatic;
				INFOPLIST_FILE = denUITests/Info.plist;
				LD_RUNPATH_SEARCH_PATHS = (
					"$(inherited)",
					"@executable_path/Frameworks",
					"@loader_path/Frameworks",
				);
				PRODUCT_BUNDLE_IDENTIFIER = thatartplace.denUITests;
				PRODUCT_NAME = "$(TARGET_NAME)";
				SWIFT_VERSION = 5.0;
				TARGETED_DEVICE_FAMILY = "1,2";
				TEST_TARGET_NAME = den;
			};
			name = Release;
		};
/* End XCBuildConfiguration section */

/* Begin XCConfigurationList section */
		2B0C6D95228FDEEA00CA40BD /* Build configuration list for PBXProject "den" */ = {
			isa = XCConfigurationList;
			buildConfigurations = (
				2B0C6DC0228FDEEA00CA40BD /* Debug */,
				2B0C6DC1228FDEEA00CA40BD /* Release */,
			);
			defaultConfigurationIsVisible = 0;
			defaultConfigurationName = Release;
		};
		2B0C6DC2228FDEEA00CA40BD /* Build configuration list for PBXNativeTarget "den" */ = {
			isa = XCConfigurationList;
			buildConfigurations = (
				2B0C6DC3228FDEEA00CA40BD /* Debug */,
				2B0C6DC4228FDEEA00CA40BD /* Release */,
			);
			defaultConfigurationIsVisible = 0;
			defaultConfigurationName = Release;
		};
		2B0C6DC5228FDEEA00CA40BD /* Build configuration list for PBXNativeTarget "denTests" */ = {
			isa = XCConfigurationList;
			buildConfigurations = (
				2B0C6DC6228FDEEA00CA40BD /* Debug */,
				2B0C6DC7228FDEEA00CA40BD /* Release */,
			);
			defaultConfigurationIsVisible = 0;
			defaultConfigurationName = Release;
		};
		2B0C6DC8228FDEEA00CA40BD /* Build configuration list for PBXNativeTarget "denUITests" */ = {
			isa = XCConfigurationList;
			buildConfigurations = (
				2B0C6DC9228FDEEA00CA40BD /* Debug */,
				2B0C6DCA228FDEEA00CA40BD /* Release */,
			);
			defaultConfigurationIsVisible = 0;
			defaultConfigurationName = Release;
		};
/* End XCConfigurationList section */
	};
	rootObject = 2B0C6D92228FDEEA00CA40BD /* Project object */;
}
